
Microsoft Visual Studio Solution File, Format Version 12.00
# Visual Studio Version 17
VisualStudioVersion = 17.11.35327.3
MinimumVisualStudioVersion = 10.0.40219.1
Project("{FAE04EC0-301F-11D3-BF4B-00C04F79EFBC}") = "DoctorService", "DoctorService.csproj", "{5654CE10-BFAF-4DC6-B5F6-79099FD22891}"
EndProject
Project("{FAE04EC0-301F-11D3-BF4B-00C04F79EFBC}") = "PatientService", "..\PatientService\PatientService.csproj", "{B9BE59C5-45AC-4A8A-871B-892E0CFC0D83}"
EndProject
Global
	GlobalSection(SolutionConfigurationPlatforms) = preSolution
		Debug|Any CPU = Debug|Any CPU
		Release|Any CPU = Release|Any CPU
	EndGlobalSection
	GlobalSection(ProjectConfigurationPlatforms) = postSolution
		{5654CE10-BFAF-4DC6-B5F6-79099FD22891}.Debug|Any CPU.ActiveCfg = Debug|Any CPU
		{5654CE10-BFAF-4DC6-B5F6-79099FD22891}.Debug|Any CPU.Build.0 = Debug|Any CPU
		{5654CE10-BFAF-4DC6-B5F6-79099FD22891}.Release|Any CPU.ActiveCfg = Release|Any CPU
		{5654CE10-BFAF-4DC6-B5F6-79099FD22891}.Release|Any CPU.Build.0 = Release|Any CPU
		{B9BE59C5-45AC-4A8A-871B-892E0CFC0D83}.Debug|Any CPU.ActiveCfg = Debug|Any CPU
		{B9BE59C5-45AC-4A8A-871B-892E0CFC0D83}.Debug|Any CPU.Build.0 = Debug|Any CPU
		{B9BE59C5-45AC-4A8A-871B-892E0CFC0D83}.Release|Any CPU.ActiveCfg = Release|Any CPU
		{B9BE59C5-45AC-4A8A-871B-892E0CFC0D83}.Release|Any CPU.Build.0 = Release|Any CPU
	EndGlobalSection
	GlobalSection(SolutionProperties) = preSolution
		HideSolutionNode = FALSE
	EndGlobalSection
	GlobalSection(ExtensibilityGlobals) = postSolution
		SolutionGuid = {9E85D0F1-2E54-4B41-BDB1-285C96F27951}
	EndGlobalSection
EndGlobal
